
Microsoft Visual Studio Solution File, Format Version 12.00
# Visual Studio Version 17
VisualStudioVersion = 17.10.34916.146
MinimumVisualStudioVersion = 10.0.40219.1
Project("{FAE04EC0-301F-11D3-BF4B-00C04F79EFBC}") = "MYBooks", "MYBooks\MYBooks.csproj", "{30B47318-171E-4615-9CEB-36BA546FDD48}"
EndProject
Global
	GlobalSection(SolutionConfigurationPlatforms) = preSolution
		Debug|Any CPU = Debug|Any CPU
		Release|Any CPU = Release|Any CPU
	EndGlobalSection
	GlobalSection(ProjectConfigurationPlatforms) = postSolution
		{30B47318-171E-4615-9CEB-36BA546FDD48}.Debug|Any CPU.ActiveCfg = Debug|Any CPU
		{30B47318-171E-4615-9CEB-36BA546FDD48}.Debug|Any CPU.Build.0 = Debug|Any CPU
		{30B47318-171E-4615-9CEB-36BA546FDD48}.Release|Any CPU.ActiveCfg = Release|Any CPU
		{30B47318-171E-4615-9CEB-36BA546FDD48}.Release|Any CPU.Build.0 = Release|Any CPU
	EndGlobalSection
	GlobalSection(SolutionProperties) = preSolution
		HideSolutionNode = FALSE
	EndGlobalSection
	GlobalSection(ExtensibilityGlobals) = postSolution
		SolutionGuid = {7C548DA4-5514-472E-BC33-E0BEF0F63648}
	EndGlobalSection
EndGlobal
